
Microsoft Visual Studio Solution File, Format Version 12.00
# Visual Studio Version 17
VisualStudioVersion = 17.3.32804.467
MinimumVisualStudioVersion = 10.0.40219.1
Project("{9A19103F-16F7-4668-BE54-9A1E7A4F7556}") = "Lazy.Jin.Api", "BackEnd\Lazy.Jin.Api\Lazy.Jin.Api.csproj", "{74A1895B-6472-442A-87DA-4C07B303FBF5}"
EndProject
Project("{9A19103F-16F7-4668-BE54-9A1E7A4F7556}") = "Lazy.Jin.Pay.Biz", "BackEnd\Pay\Lazy.Jin.Pay.Biz\Lazy.Jin.Pay.Biz.csproj", "{D7A28F07-33C0-4285-A983-4C59A302C695}"
EndProject
Project("{9A19103F-16F7-4668-BE54-9A1E7A4F7556}") = "Lazy.Jin.Pay.DAO", "BackEnd\Pay\Lazy.Jin.Pay.DAO\Lazy.Jin.Pay.DAO.csproj", "{773DB5E8-E202-411E-8DE7-02166B5134E5}"
EndProject
Project("{9A19103F-16F7-4668-BE54-9A1E7A4F7556}") = "Lazy.Jin.Pay.Entity", "BackEnd\Pay\Lazy.Jin.Pay.Entity\Lazy.Jin.Pay.Entity.csproj", "{B6565451-5AB3-47F1-A90C-21659006587B}"
EndProject
Project("{9A19103F-16F7-4668-BE54-9A1E7A4F7556}") = "Lazy.Jin.Pay.Service", "BackEnd\Pay\Lazy.Jin.Pay.Service\Lazy.Jin.Pay.Service.csproj", "{3675B9DE-77F8-4927-B8EC-380A9E8539F5}"
EndProject
Project("{2150E333-8FDC-42A3-9474-1A3956D46DE8}") = "Pay", "Pay", "{79CD2535-8016-4ECD-849A-10AEBBED587B}"
EndProject
Global
	GlobalSection(SolutionConfigurationPlatforms) = preSolution
		Debug|Any CPU = Debug|Any CPU
		Release|Any CPU = Release|Any CPU
	EndGlobalSection
	GlobalSection(ProjectConfigurationPlatforms) = postSolution
		{74A1895B-6472-442A-87DA-4C07B303FBF5}.Debug|Any CPU.ActiveCfg = Debug|Any CPU
		{74A1895B-6472-442A-87DA-4C07B303FBF5}.Debug|Any CPU.Build.0 = Debug|Any CPU
		{74A1895B-6472-442A-87DA-4C07B303FBF5}.Release|Any CPU.ActiveCfg = Release|Any CPU
		{74A1895B-6472-442A-87DA-4C07B303FBF5}.Release|Any CPU.Build.0 = Release|Any CPU
		{D7A28F07-33C0-4285-A983-4C59A302C695}.Debug|Any CPU.ActiveCfg = Debug|Any CPU
		{D7A28F07-33C0-4285-A983-4C59A302C695}.Debug|Any CPU.Build.0 = Debug|Any CPU
		{D7A28F07-33C0-4285-A983-4C59A302C695}.Release|Any CPU.ActiveCfg = Release|Any CPU
		{D7A28F07-33C0-4285-A983-4C59A302C695}.Release|Any CPU.Build.0 = Release|Any CPU
		{773DB5E8-E202-411E-8DE7-02166B5134E5}.Debug|Any CPU.ActiveCfg = Debug|Any CPU
		{773DB5E8-E202-411E-8DE7-02166B5134E5}.Debug|Any CPU.Build.0 = Debug|Any CPU
		{773DB5E8-E202-411E-8DE7-02166B5134E5}.Release|Any CPU.ActiveCfg = Release|Any CPU
		{773DB5E8-E202-411E-8DE7-02166B5134E5}.Release|Any CPU.Build.0 = Release|Any CPU
		{B6565451-5AB3-47F1-A90C-21659006587B}.Debug|Any CPU.ActiveCfg = Debug|Any CPU
		{B6565451-5AB3-47F1-A90C-21659006587B}.Debug|Any CPU.Build.0 = Debug|Any CPU
		{B6565451-5AB3-47F1-A90C-21659006587B}.Release|Any CPU.ActiveCfg = Release|Any CPU
		{B6565451-5AB3-47F1-A90C-21659006587B}.Release|Any CPU.Build.0 = Release|Any CPU
		{3675B9DE-77F8-4927-B8EC-380A9E8539F5}.Debug|Any CPU.ActiveCfg = Debug|Any CPU
		{3675B9DE-77F8-4927-B8EC-380A9E8539F5}.Debug|Any CPU.Build.0 = Debug|Any CPU
		{3675B9DE-77F8-4927-B8EC-380A9E8539F5}.Release|Any CPU.ActiveCfg = Release|Any CPU
		{3675B9DE-77F8-4927-B8EC-380A9E8539F5}.Release|Any CPU.Build.0 = Release|Any CPU
	EndGlobalSection
	GlobalSection(SolutionProperties) = preSolution
		HideSolutionNode = FALSE
	EndGlobalSection
	GlobalSection(NestedProjects) = preSolution
		{D7A28F07-33C0-4285-A983-4C59A302C695} = {79CD2535-8016-4ECD-849A-10AEBBED587B}
		{773DB5E8-E202-411E-8DE7-02166B5134E5} = {79CD2535-8016-4ECD-849A-10AEBBED587B}
		{B6565451-5AB3-47F1-A90C-21659006587B} = {79CD2535-8016-4ECD-849A-10AEBBED587B}
		{3675B9DE-77F8-4927-B8EC-380A9E8539F5} = {79CD2535-8016-4ECD-849A-10AEBBED587B}
	EndGlobalSection
	GlobalSection(ExtensibilityGlobals) = postSolution
		SolutionGuid = {74519000-1C5D-4E48-9E81-043336E6F0F8}
	EndGlobalSection
EndGlobal
